
Microsoft Visual Studio Solution File, Format Version 12.00
# Visual Studio Version 17
VisualStudioVersion = 17.13.35919.96
MinimumVisualStudioVersion = 10.0.40219.1
Project("{FAE04EC0-301F-11D3-BF4B-00C04F79EFBC}") = "LogicaNegocio", "LogicaNegocio\LogicaNegocio.csproj", "{37A5ED76-C4C9-479F-9EDE-149EE9CD832D}"
EndProject
Project("{FAE04EC0-301F-11D3-BF4B-00C04F79EFBC}") = "LogicaAplicacion", "LogicaAplicacion\LogicaAplicacion.csproj", "{521DF097-378D-4001-AAF0-DCC5FA3DA7EC}"
EndProject
Project("{FAE04EC0-301F-11D3-BF4B-00C04F79EFBC}") = "LogicaAccesoDatos", "LogicaAccesoDatos\LogicaAccesoDatos.csproj", "{1590704B-C952-40D3-80A6-5931286D0554}"
EndProject
Project("{FAE04EC0-301F-11D3-BF4B-00C04F79EFBC}") = "Compartido", "Compartido\Compartido.csproj", "{6B28BA2D-003A-49C0-ACBB-E8B004DA4183}"
EndProject
Project("{FAE04EC0-301F-11D3-BF4B-00C04F79EFBC}") = "WebAPI", "WebAPI\WebAPI.csproj", "{AAAFF5BE-1A31-4985-8482-85C385C7409E}"
EndProject
Global
	GlobalSection(SolutionConfigurationPlatforms) = preSolution
		Debug|Any CPU = Debug|Any CPU
		Release|Any CPU = Release|Any CPU
	EndGlobalSection
	GlobalSection(ProjectConfigurationPlatforms) = postSolution
		{37A5ED76-C4C9-479F-9EDE-149EE9CD832D}.Debug|Any CPU.ActiveCfg = Debug|Any CPU
		{37A5ED76-C4C9-479F-9EDE-149EE9CD832D}.Debug|Any CPU.Build.0 = Debug|Any CPU
		{37A5ED76-C4C9-479F-9EDE-149EE9CD832D}.Release|Any CPU.ActiveCfg = Release|Any CPU
		{37A5ED76-C4C9-479F-9EDE-149EE9CD832D}.Release|Any CPU.Build.0 = Release|Any CPU
		{521DF097-378D-4001-AAF0-DCC5FA3DA7EC}.Debug|Any CPU.ActiveCfg = Debug|Any CPU
		{521DF097-378D-4001-AAF0-DCC5FA3DA7EC}.Debug|Any CPU.Build.0 = Debug|Any CPU
		{521DF097-378D-4001-AAF0-DCC5FA3DA7EC}.Release|Any CPU.ActiveCfg = Release|Any CPU
		{521DF097-378D-4001-AAF0-DCC5FA3DA7EC}.Release|Any CPU.Build.0 = Release|Any CPU
		{1590704B-C952-40D3-80A6-5931286D0554}.Debug|Any CPU.ActiveCfg = Debug|Any CPU
		{1590704B-C952-40D3-80A6-5931286D0554}.Debug|Any CPU.Build.0 = Debug|Any CPU
		{1590704B-C952-40D3-80A6-5931286D0554}.Release|Any CPU.ActiveCfg = Release|Any CPU
		{1590704B-C952-40D3-80A6-5931286D0554}.Release|Any CPU.Build.0 = Release|Any CPU
		{6B28BA2D-003A-49C0-ACBB-E8B004DA4183}.Debug|Any CPU.ActiveCfg = Debug|Any CPU
		{6B28BA2D-003A-49C0-ACBB-E8B004DA4183}.Debug|Any CPU.Build.0 = Debug|Any CPU
		{6B28BA2D-003A-49C0-ACBB-E8B004DA4183}.Release|Any CPU.ActiveCfg = Release|Any CPU
		{6B28BA2D-003A-49C0-ACBB-E8B004DA4183}.Release|Any CPU.Build.0 = Release|Any CPU
		{AAAFF5BE-1A31-4985-8482-85C385C7409E}.Debug|Any CPU.ActiveCfg = Debug|Any CPU
		{AAAFF5BE-1A31-4985-8482-85C385C7409E}.Debug|Any CPU.Build.0 = Debug|Any CPU
		{AAAFF5BE-1A31-4985-8482-85C385C7409E}.Release|Any CPU.ActiveCfg = Release|Any CPU
		{AAAFF5BE-1A31-4985-8482-85C385C7409E}.Release|Any CPU.Build.0 = Release|Any CPU
	EndGlobalSection
	GlobalSection(SolutionProperties) = preSolution
		HideSolutionNode = FALSE
	EndGlobalSection
	GlobalSection(ExtensibilityGlobals) = postSolution
		SolutionGuid = {FB3621B6-E7F1-46CE-B25F-C31CF2471817}
	EndGlobalSection
EndGlobal
